
Microsoft Visual Studio Solution File, Format Version 12.00
# Visual Studio Version 17
VisualStudioVersion = 17.0.31903.59
MinimumVisualStudioVersion = 10.0.40219.1
Project("{2150E333-8FDC-42A3-9474-1A3956D46DE8}") = "src", "src", "{827E0CD3-B72D-47B6-A68D-7590B98EB39B}"
EndProject
Project("{FAE04EC0-301F-11D3-BF4B-00C04F79EFBC}") = "CareTrack.Domain", "src\CareTrack.Domain\CareTrack.Domain.csproj", "{74F2A437-7B36-4BF0-9E40-1DC4D9457B57}"
EndProject
Project("{FAE04EC0-301F-11D3-BF4B-00C04F79EFBC}") = "CareTrack.Application", "src\CareTrack.Application\CareTrack.Application.csproj", "{E463295E-87BB-4206-B3E2-C02D1F4A5625}"
EndProject
Project("{FAE04EC0-301F-11D3-BF4B-00C04F79EFBC}") = "CareTrack.Infrastructure", "src\CareTrack.Infrastructure\CareTrack.Infrastructure.csproj", "{523B84A7-5F88-453B-86B9-A61C9793D99D}"
EndProject
Project("{FAE04EC0-301F-11D3-BF4B-00C04F79EFBC}") = "CareTrack.Web", "src\CareTrack.Web\CareTrack.Web.csproj", "{DE194B4E-9718-4A64-A6D2-C9109E9A9163}"
EndProject
Project("{2150E333-8FDC-42A3-9474-1A3956D46DE8}") = "tests", "tests", "{0AB3BF05-4346-4AA6-1389-037BE0695223}"
EndProject
Project("{FAE04EC0-301F-11D3-BF4B-00C04F79EFBC}") = "CareTrack.UnitTests", "tests\CareTrack.UnitTests\CareTrack.UnitTests.csproj", "{ABE4AA90-AB58-4C10-9A94-BB6F4D9D8CB4}"
EndProject
Project("{FAE04EC0-301F-11D3-BF4B-00C04F79EFBC}") = "CareTrack.IntegrationTests", "tests\CareTrack.IntegrationTests\CareTrack.IntegrationTests.csproj", "{B6FE6714-3837-4E90-A938-4FDFE164FE97}"
EndProject
Global
	GlobalSection(SolutionConfigurationPlatforms) = preSolution
		Debug|Any CPU = Debug|Any CPU
		Debug|x64 = Debug|x64
		Debug|x86 = Debug|x86
		Release|Any CPU = Release|Any CPU
		Release|x64 = Release|x64
		Release|x86 = Release|x86
	EndGlobalSection
	GlobalSection(ProjectConfigurationPlatforms) = postSolution
		{74F2A437-7B36-4BF0-9E40-1DC4D9457B57}.Debug|Any CPU.ActiveCfg = Debug|Any CPU
		{74F2A437-7B36-4BF0-9E40-1DC4D9457B57}.Debug|Any CPU.Build.0 = Debug|Any CPU
		{74F2A437-7B36-4BF0-9E40-1DC4D9457B57}.Debug|x64.ActiveCfg = Debug|Any CPU
		{74F2A437-7B36-4BF0-9E40-1DC4D9457B57}.Debug|x64.Build.0 = Debug|Any CPU
		{74F2A437-7B36-4BF0-9E40-1DC4D9457B57}.Debug|x86.ActiveCfg = Debug|Any CPU
		{74F2A437-7B36-4BF0-9E40-1DC4D9457B57}.Debug|x86.Build.0 = Debug|Any CPU
		{74F2A437-7B36-4BF0-9E40-1DC4D9457B57}.Release|Any CPU.ActiveCfg = Release|Any CPU
		{74F2A437-7B36-4BF0-9E40-1DC4D9457B57}.Release|Any CPU.Build.0 = Release|Any CPU
		{74F2A437-7B36-4BF0-9E40-1DC4D9457B57}.Release|x64.ActiveCfg = Release|Any CPU
		{74F2A437-7B36-4BF0-9E40-1DC4D9457B57}.Release|x64.Build.0 = Release|Any CPU
		{74F2A437-7B36-4BF0-9E40-1DC4D9457B57}.Release|x86.ActiveCfg = Release|Any CPU
		{74F2A437-7B36-4BF0-9E40-1DC4D9457B57}.Release|x86.Build.0 = Release|Any CPU
		{E463295E-87BB-4206-B3E2-C02D1F4A5625}.Debug|Any CPU.ActiveCfg = Debug|Any CPU
		{E463295E-87BB-4206-B3E2-C02D1F4A5625}.Debug|Any CPU.Build.0 = Debug|Any CPU
		{E463295E-87BB-4206-B3E2-C02D1F4A5625}.Debug|x64.ActiveCfg = Debug|Any CPU
		{E463295E-87BB-4206-B3E2-C02D1F4A5625}.Debug|x64.Build.0 = Debug|Any CPU
		{E463295E-87BB-4206-B3E2-C02D1F4A5625}.Debug|x86.ActiveCfg = Debug|Any CPU
		{E463295E-87BB-4206-B3E2-C02D1F4A5625}.Debug|x86.Build.0 = Debug|Any CPU
		{E463295E-87BB-4206-B3E2-C02D1F4A5625}.Release|Any CPU.ActiveCfg = Release|Any CPU
		{E463295E-87BB-4206-B3E2-C02D1F4A5625}.Release|Any CPU.Build.0 = Release|Any CPU
		{E463295E-87BB-4206-B3E2-C02D1F4A5625}.Release|x64.ActiveCfg = Release|Any CPU
		{E463295E-87BB-4206-B3E2-C02D1F4A5625}.Release|x64.Build.0 = Release|Any CPU
		{E463295E-87BB-4206-B3E2-C02D1F4A5625}.Release|x86.ActiveCfg = Release|Any CPU
		{E463295E-87BB-4206-B3E2-C02D1F4A5625}.Release|x86.Build.0 = Release|Any CPU
		{523B84A7-5F88-453B-86B9-A61C9793D99D}.Debug|Any CPU.ActiveCfg = Debug|Any CPU
		{523B84A7-5F88-453B-86B9-A61C9793D99D}.Debug|Any CPU.Build.0 = Debug|Any CPU
		{523B84A7-5F88-453B-86B9-A61C9793D99D}.Debug|x64.ActiveCfg = Debug|Any CPU
		{523B84A7-5F88-453B-86B9-A61C9793D99D}.Debug|x64.Build.0 = Debug|Any CPU
		{523B84A7-5F88-453B-86B9-A61C9793D99D}.Debug|x86.ActiveCfg = Debug|Any CPU
		{523B84A7-5F88-453B-86B9-A61C9793D99D}.Debug|x86.Build.0 = Debug|Any CPU
		{523B84A7-5F88-453B-86B9-A61C9793D99D}.Release|Any CPU.ActiveCfg = Release|Any CPU
		{523B84A7-5F88-453B-86B9-A61C9793D99D}.Release|Any CPU.Build.0 = Release|Any CPU
		{523B84A7-5F88-453B-86B9-A61C9793D99D}.Release|x64.ActiveCfg = Release|Any CPU
		{523B84A7-5F88-453B-86B9-A61C9793D99D}.Release|x64.Build.0 = Release|Any CPU
		{523B84A7-5F88-453B-86B9-A61C9793D99D}.Release|x86.ActiveCfg = Release|Any CPU
		{523B84A7-5F88-453B-86B9-A61C9793D99D}.Release|x86.Build.0 = Release|Any CPU
		{DE194B4E-9718-4A64-A6D2-C9109E9A9163}.Debug|Any CPU.ActiveCfg = Debug|Any CPU
		{DE194B4E-9718-4A64-A6D2-C9109E9A9163}.Debug|Any CPU.Build.0 = Debug|Any CPU
		{DE194B4E-9718-4A64-A6D2-C9109E9A9163}.Debug|x64.ActiveCfg = Debug|Any CPU
		{DE194B4E-9718-4A64-A6D2-C9109E9A9163}.Debug|x64.Build.0 = Debug|Any CPU
		{DE194B4E-9718-4A64-A6D2-C9109E9A9163}.Debug|x86.ActiveCfg = Debug|Any CPU
		{DE194B4E-9718-4A64-A6D2-C9109E9A9163}.Debug|x86.Build.0 = Debug|Any CPU
		{DE194B4E-9718-4A64-A6D2-C9109E9A9163}.Release|Any CPU.ActiveCfg = Release|Any CPU
		{DE194B4E-9718-4A64-A6D2-C9109E9A9163}.Release|Any CPU.Build.0 = Release|Any CPU
		{DE194B4E-9718-4A64-A6D2-C9109E9A9163}.Release|x64.ActiveCfg = Release|Any CPU
		{DE194B4E-9718-4A64-A6D2-C9109E9A9163}.Release|x64.Build.0 = Release|Any CPU
		{DE194B4E-9718-4A64-A6D2-C9109E9A9163}.Release|x86.ActiveCfg = Release|Any CPU
		{DE194B4E-9718-4A64-A6D2-C9109E9A9163}.Release|x86.Build.0 = Release|Any CPU
		{ABE4AA90-AB58-4C10-9A94-BB6F4D9D8CB4}.Debug|Any CPU.ActiveCfg = Debug|Any CPU
		{ABE4AA90-AB58-4C10-9A94-BB6F4D9D8CB4}.Debug|Any CPU.Build.0 = Debug|Any CPU
		{ABE4AA90-AB58-4C10-9A94-BB6F4D9D8CB4}.Debug|x64.ActiveCfg = Debug|Any CPU
		{ABE4AA90-AB58-4C10-9A94-BB6F4D9D8CB4}.Debug|x64.Build.0 = Debug|Any CPU
		{ABE4AA90-AB58-4C10-9A94-BB6F4D9D8CB4}.Debug|x86.ActiveCfg = Debug|Any CPU
		{ABE4AA90-AB58-4C10-9A94-BB6F4D9D8CB4}.Debug|x86.Build.0 = Debug|Any CPU
		{ABE4AA90-AB58-4C10-9A94-BB6F4D9D8CB4}.Release|Any CPU.ActiveCfg = Release|Any CPU
		{ABE4AA90-AB58-4C10-9A94-BB6F4D9D8CB4}.Release|Any CPU.Build.0 = Release|Any CPU
		{ABE4AA90-AB58-4C10-9A94-BB6F4D9D8CB4}.Release|x64.ActiveCfg = Release|Any CPU
		{ABE4AA90-AB58-4C10-9A94-BB6F4D9D8CB4}.Release|x64.Build.0 = Release|Any CPU
		{ABE4AA90-AB58-4C10-9A94-BB6F4D9D8CB4}.Release|x86.ActiveCfg = Release|Any CPU
		{ABE4AA90-AB58-4C10-9A94-BB6F4D9D8CB4}.Release|x86.Build.0 = Release|Any CPU
		{B6FE6714-3837-4E90-A938-4FDFE164FE97}.Debug|Any CPU.ActiveCfg = Debug|Any CPU
		{B6FE6714-3837-4E90-A938-4FDFE164FE97}.Debug|Any CPU.Build.0 = Debug|Any CPU
		{B6FE6714-3837-4E90-A938-4FDFE164FE97}.Debug|x64.ActiveCfg = Debug|Any CPU
		{B6FE6714-3837-4E90-A938-4FDFE164FE97}.Debug|x64.Build.0 = Debug|Any CPU
		{B6FE6714-3837-4E90-A938-4FDFE164FE97}.Debug|x86.ActiveCfg = Debug|Any CPU
		{B6FE6714-3837-4E90-A938-4FDFE164FE97}.Debug|x86.Build.0 = Debug|Any CPU
		{B6FE6714-3837-4E90-A938-4FDFE164FE97}.Release|Any CPU.ActiveCfg = Release|Any CPU
		{B6FE6714-3837-4E90-A938-4FDFE164FE97}.Release|Any CPU.Build.0 = Release|Any CPU
		{B6FE6714-3837-4E90-A938-4FDFE164FE97}.Release|x64.ActiveCfg = Release|Any CPU
		{B6FE6714-3837-4E90-A938-4FDFE164FE97}.Release|x64.Build.0 = Release|Any CPU
		{B6FE6714-3837-4E90-A938-4FDFE164FE97}.Release|x86.ActiveCfg = Release|Any CPU
		{B6FE6714-3837-4E90-A938-4FDFE164FE97}.Release|x86.Build.0 = Release|Any CPU
	EndGlobalSection
	GlobalSection(SolutionProperties) = preSolution
		HideSolutionNode = FALSE
	EndGlobalSection
	GlobalSection(NestedProjects) = preSolution
		{74F2A437-7B36-4BF0-9E40-1DC4D9457B57} = {827E0CD3-B72D-47B6-A68D-7590B98EB39B}
		{E463295E-87BB-4206-B3E2-C02D1F4A5625} = {827E0CD3-B72D-47B6-A68D-7590B98EB39B}
		{523B84A7-5F88-453B-86B9-A61C9793D99D} = {827E0CD3-B72D-47B6-A68D-7590B98EB39B}
		{DE194B4E-9718-4A64-A6D2-C9109E9A9163} = {827E0CD3-B72D-47B6-A68D-7590B98EB39B}
		{ABE4AA90-AB58-4C10-9A94-BB6F4D9D8CB4} = {0AB3BF05-4346-4AA6-1389-037BE0695223}
		{B6FE6714-3837-4E90-A938-4FDFE164FE97} = {0AB3BF05-4346-4AA6-1389-037BE0695223}
	EndGlobalSection
EndGlobal
